// !$*UTF8*$!
{
	archiveVersion = 1;
	classes = {
	};
	objectVersion = 60;
	objects = {

/* Begin PBXBuildFile section */
		F121AC7D2A93BA1D005621DF /* Homework2App.swift in Sources */ = {isa = PBXBuildFile; fileRef = F121AC7C2A93BA1D005621DF /* Homework2App.swift */; };
		F121AC7F2A93BA1D005621DF /* MainScreen.swift in Sources */ = {isa = PBXBuildFile; fileRef = F121AC7E2A93BA1D005621DF /* MainScreen.swift */; };
		F121AC812A93BA1E005621DF /* Assets.xcassets in Resources */ = {isa = PBXBuildFile; fileRef = F121AC802A93BA1E005621DF /* Assets.xcassets */; };
		F121AC842A93BA1E005621DF /* Preview Assets.xcassets in Resources */ = {isa = PBXBuildFile; fileRef = F121AC832A93BA1E005621DF /* Preview Assets.xcassets */; };
		F12519A12A9F4B0A0056BC88 /* EpisodeDetail.swift in Sources */ = {isa = PBXBuildFile; fileRef = F12519A02A9F4B0A0056BC88 /* EpisodeDetail.swift */; };
		F1306B3E2AA5E86100BCF798 /* ListCell.swift in Sources */ = {isa = PBXBuildFile; fileRef = F1306B3D2AA5E86100BCF798 /* ListCell.swift */; };
		F15AA66D2A9E357A008F6999 /* RickAndMortyApiNetworking in Frameworks */ = {isa = PBXBuildFile; productRef = F15AA66C2A9E357A008F6999 /* RickAndMortyApiNetworking */; };
		F15AA6702A9E3BBB008F6999 /* RandomAccessColletion+Last.swift in Sources */ = {isa = PBXBuildFile; fileRef = F15AA66F2A9E3BBB008F6999 /* RandomAccessColletion+Last.swift */; };
		F15AA6722A9E3D70008F6999 /* CharactersVM.swift in Sources */ = {isa = PBXBuildFile; fileRef = F15AA6712A9E3D70008F6999 /* CharactersVM.swift */; };
		F15AA6742A9E458D008F6999 /* LocationsVM.swift in Sources */ = {isa = PBXBuildFile; fileRef = F15AA6732A9E458D008F6999 /* LocationsVM.swift */; };
		F15AA6762A9E45F7008F6999 /* EpisodesVM.swift in Sources */ = {isa = PBXBuildFile; fileRef = F15AA6752A9E45F7008F6999 /* EpisodesVM.swift */; };
		F15AA6782A9E545D008F6999 /* LocationDetail.swift in Sources */ = {isa = PBXBuildFile; fileRef = F15AA6772A9E545D008F6999 /* LocationDetail.swift */; };
		F15F518B2A9A54E600F317DF /* CharacterDetailScreen.swift in Sources */ = {isa = PBXBuildFile; fileRef = F15F518A2A9A54E600F317DF /* CharacterDetailScreen.swift */; };
		F16147752AC5C36D00254361 /* LaunchScreen.storyboard in Resources */ = {isa = PBXBuildFile; fileRef = F16147742AC5C36D00254361 /* LaunchScreen.storyboard */; };
		F18B46B32AC585FC004F713D /* NavStack in Frameworks */ = {isa = PBXBuildFile; productRef = F18B46B22AC585FC004F713D /* NavStack */; };
		F1B2A6D22A94A70C00FCEDB6 /* CharactersScreen.swift in Sources */ = {isa = PBXBuildFile; fileRef = F1B2A6D12A94A70C00FCEDB6 /* CharactersScreen.swift */; };
		F1B2A6D42A94A72800FCEDB6 /* LocationsScreen.swift in Sources */ = {isa = PBXBuildFile; fileRef = F1B2A6D32A94A72800FCEDB6 /* LocationsScreen.swift */; };
		F1B2A6D62A94A74400FCEDB6 /* EpisodesScreen.swift in Sources */ = {isa = PBXBuildFile; fileRef = F1B2A6D52A94A74400FCEDB6 /* EpisodesScreen.swift */; };
/* End PBXBuildFile section */

/* Begin PBXFileReference section */
		F121AC792A93BA1D005621DF /* Homework2.app */ = {isa = PBXFileReference; explicitFileType = wrapper.application; includeInIndex = 0; path = Homework2.app; sourceTree = BUILT_PRODUCTS_DIR; };
		F121AC7C2A93BA1D005621DF /* Homework2App.swift */ = {isa = PBXFileReference; lastKnownFileType = sourcecode.swift; path = Homework2App.swift; sourceTree = "<group>"; };
		F121AC7E2A93BA1D005621DF /* MainScreen.swift */ = {isa = PBXFileReference; lastKnownFileType = sourcecode.swift; path = MainScreen.swift; sourceTree = "<group>"; };
		F121AC802A93BA1E005621DF /* Assets.xcassets */ = {isa = PBXFileReference; lastKnownFileType = folder.assetcatalog; path = Assets.xcassets; sourceTree = "<group>"; };
		F121AC832A93BA1E005621DF /* Preview Assets.xcassets */ = {isa = PBXFileReference; lastKnownFileType = folder.assetcatalog; path = "Preview Assets.xcassets"; sourceTree = "<group>"; };
		F12519A02A9F4B0A0056BC88 /* EpisodeDetail.swift */ = {isa = PBXFileReference; lastKnownFileType = sourcecode.swift; path = EpisodeDetail.swift; sourceTree = "<group>"; };
		F1306B3D2AA5E86100BCF798 /* ListCell.swift */ = {isa = PBXFileReference; lastKnownFileType = sourcecode.swift; path = ListCell.swift; sourceTree = "<group>"; };
		F15AA66B2A9E353F008F6999 /* RickAndMortyApiNetworking */ = {isa = PBXFileReference; lastKnownFileType = wrapper; name = RickAndMortyApiNetworking; path = Modules/RickAndMortyApiNetworking; sourceTree = SOURCE_ROOT; };
		F15AA66F2A9E3BBB008F6999 /* RandomAccessColletion+Last.swift */ = {isa = PBXFileReference; fileEncoding = 4; lastKnownFileType = sourcecode.swift; path = "RandomAccessColletion+Last.swift"; sourceTree = "<group>"; };
		F15AA6712A9E3D70008F6999 /* CharactersVM.swift */ = {isa = PBXFileReference; lastKnownFileType = sourcecode.swift; path = CharactersVM.swift; sourceTree = "<group>"; };
		F15AA6732A9E458D008F6999 /* LocationsVM.swift */ = {isa = PBXFileReference; lastKnownFileType = sourcecode.swift; path = LocationsVM.swift; sourceTree = "<group>"; };
		F15AA6752A9E45F7008F6999 /* EpisodesVM.swift */ = {isa = PBXFileReference; lastKnownFileType = sourcecode.swift; path = EpisodesVM.swift; sourceTree = "<group>"; };
		F15AA6772A9E545D008F6999 /* LocationDetail.swift */ = {isa = PBXFileReference; lastKnownFileType = sourcecode.swift; path = LocationDetail.swift; sourceTree = "<group>"; };
		F15F518A2A9A54E600F317DF /* CharacterDetailScreen.swift */ = {isa = PBXFileReference; lastKnownFileType = sourcecode.swift; path = CharacterDetailScreen.swift; sourceTree = "<group>"; };
		F16147742AC5C36D00254361 /* LaunchScreen.storyboard */ = {isa = PBXFileReference; lastKnownFileType = file.storyboard; path = LaunchScreen.storyboard; sourceTree = "<group>"; };
		F1B2A6D12A94A70C00FCEDB6 /* CharactersScreen.swift */ = {isa = PBXFileReference; lastKnownFileType = sourcecode.swift; path = CharactersScreen.swift; sourceTree = "<group>"; };
		F1B2A6D32A94A72800FCEDB6 /* LocationsScreen.swift */ = {isa = PBXFileReference; lastKnownFileType = sourcecode.swift; path = LocationsScreen.swift; sourceTree = "<group>"; };
		F1B2A6D52A94A74400FCEDB6 /* EpisodesScreen.swift */ = {isa = PBXFileReference; lastKnownFileType = sourcecode.swift; path = EpisodesScreen.swift; sourceTree = "<group>"; };
/* End PBXFileReference section */

/* Begin PBXFrameworksBuildPhase section */
		F121AC762A93BA1D005621DF /* Frameworks */ = {
			isa = PBXFrameworksBuildPhase;
			buildActionMask = 2147483647;
			files = (
				F15AA66D2A9E357A008F6999 /* RickAndMortyApiNetworking in Frameworks */,
				F18B46B32AC585FC004F713D /* NavStack in Frameworks */,
			);
			runOnlyForDeploymentPostprocessing = 0;
		};
/* End PBXFrameworksBuildPhase section */

/* Begin PBXGroup section */
		F121AC702A93BA1D005621DF = {
			isa = PBXGroup;
			children = (
				F121AC7B2A93BA1D005621DF /* Homework2 */,
				F121AC7A2A93BA1D005621DF /* Products */,
				F1B800472A96363100067AF9 /* Frameworks */,
			);
			sourceTree = "<group>";
		};
		F121AC7A2A93BA1D005621DF /* Products */ = {
			isa = PBXGroup;
			children = (
				F121AC792A93BA1D005621DF /* Homework2.app */,
			);
			name = Products;
			sourceTree = "<group>";
		};
		F121AC7B2A93BA1D005621DF /* Homework2 */ = {
			isa = PBXGroup;
			children = (
				F15AA66B2A9E353F008F6999 /* RickAndMortyApiNetworking */,
				F15AA66E2A9E3B74008F6999 /* Extension */,
				F121AC7C2A93BA1D005621DF /* Homework2App.swift */,
				F1554DA12AC42D390032D42D /* Views */,
				F1554DA22AC42D750032D42D /* ViewModels */,
				F121AC802A93BA1E005621DF /* Assets.xcassets */,
				F121AC822A93BA1E005621DF /* Preview Content */,
			);
			path = Homework2;
			sourceTree = "<group>";
		};
		F121AC822A93BA1E005621DF /* Preview Content */ = {
			isa = PBXGroup;
			children = (
				F121AC832A93BA1E005621DF /* Preview Assets.xcassets */,
			);
			path = "Preview Content";
			sourceTree = "<group>";
		};
		F1554DA12AC42D390032D42D /* Views */ = {
			isa = PBXGroup;
			children = (
				F121AC7E2A93BA1D005621DF /* MainScreen.swift */,
				F1B2A6D12A94A70C00FCEDB6 /* CharactersScreen.swift */,
				F15F518A2A9A54E600F317DF /* CharacterDetailScreen.swift */,
				F1B2A6D32A94A72800FCEDB6 /* LocationsScreen.swift */,
				F15AA6772A9E545D008F6999 /* LocationDetail.swift */,
				F1B2A6D52A94A74400FCEDB6 /* EpisodesScreen.swift */,
				F12519A02A9F4B0A0056BC88 /* EpisodeDetail.swift */,
				F1306B3D2AA5E86100BCF798 /* ListCell.swift */,
				F16147742AC5C36D00254361 /* LaunchScreen.storyboard */,
			);
			path = Views;
			sourceTree = "<group>";
		};
		F1554DA22AC42D750032D42D /* ViewModels */ = {
			isa = PBXGroup;
			children = (
				F15AA6712A9E3D70008F6999 /* CharactersVM.swift */,
				F15AA6732A9E458D008F6999 /* LocationsVM.swift */,
				F15AA6752A9E45F7008F6999 /* EpisodesVM.swift */,
			);
			path = ViewModels;
			sourceTree = "<group>";
		};
		F15AA66E2A9E3B74008F6999 /* Extension */ = {
			isa = PBXGroup;
			children = (
				F15AA66F2A9E3BBB008F6999 /* RandomAccessColletion+Last.swift */,
			);
			path = Extension;
			sourceTree = "<group>";
		};
		F1B800472A96363100067AF9 /* Frameworks */ = {
			isa = PBXGroup;
			children = (
			);
			name = Frameworks;
			sourceTree = "<group>";
		};
/* End PBXGroup section */

/* Begin PBXNativeTarget section */
		F121AC782A93BA1D005621DF /* Homework2 */ = {
			isa = PBXNativeTarget;
			buildConfigurationList = F121AC872A93BA1E005621DF /* Build configuration list for PBXNativeTarget "Homework2" */;
			buildPhases = (
				F121AC752A93BA1D005621DF /* Sources */,
				F121AC762A93BA1D005621DF /* Frameworks */,
				F121AC772A93BA1D005621DF /* Resources */,
			);
			buildRules = (
			);
			dependencies = (
			);
			name = Homework2;
			packageProductDependencies = (
				F15AA66C2A9E357A008F6999 /* RickAndMortyApiNetworking */,
				F18B46B22AC585FC004F713D /* NavStack */,
			);
			productName = Homework2;
			productReference = F121AC792A93BA1D005621DF /* Homework2.app */;
			productType = "com.apple.product-type.application";
		};
/* End PBXNativeTarget section */

/* Begin PBXProject section */
		F121AC712A93BA1D005621DF /* Project object */ = {
			isa = PBXProject;
			attributes = {
				BuildIndependentTargetsInParallel = 1;
				LastSwiftUpdateCheck = 1430;
				LastUpgradeCheck = 1500;
				TargetAttributes = {
					F121AC782A93BA1D005621DF = {
						CreatedOnToolsVersion = 14.3.1;
					};
				};
			};
			buildConfigurationList = F121AC742A93BA1D005621DF /* Build configuration list for PBXProject "Homework2" */;
			compatibilityVersion = "Xcode 14.0";
			developmentRegion = en;
			hasScannedForEncodings = 0;
			knownRegions = (
				en,
				Base,
			);
			mainGroup = F121AC702A93BA1D005621DF;
			packageReferences = (
				F18B46B12AC585FC004F713D /* XCLocalSwiftPackageReference "Modules/NavStack" */,
			);
			productRefGroup = F121AC7A2A93BA1D005621DF /* Products */;
			projectDirPath = "";
			projectRoot = "";
			targets = (
				F121AC782A93BA1D005621DF /* Homework2 */,
			);
		};
/* End PBXProject section */

/* Begin PBXResourcesBuildPhase section */
		F121AC772A93BA1D005621DF /* Resources */ = {
			isa = PBXResourcesBuildPhase;
			buildActionMask = 2147483647;
			files = (
				F16147752AC5C36D00254361 /* LaunchScreen.storyboard in Resources */,
				F121AC842A93BA1E005621DF /* Preview Assets.xcassets in Resources */,
				F121AC812A93BA1E005621DF /* Assets.xcassets in Resources */,
			);
			runOnlyForDeploymentPostprocessing = 0;
		};
/* End PBXResourcesBuildPhase section */

/* Begin PBXSourcesBuildPhase section */
		F121AC752A93BA1D005621DF /* Sources */ = {
			isa = PBXSourcesBuildPhase;
			buildActionMask = 2147483647;
			files = (
				F1B2A6D42A94A72800FCEDB6 /* LocationsScreen.swift in Sources */,
				F121AC7F2A93BA1D005621DF /* MainScreen.swift in Sources */,
				F15AA6742A9E458D008F6999 /* LocationsVM.swift in Sources */,
				F15F518B2A9A54E600F317DF /* CharacterDetailScreen.swift in Sources */,
				F121AC7D2A93BA1D005621DF /* Homework2App.swift in Sources */,
				F1306B3E2AA5E86100BCF798 /* ListCell.swift in Sources */,
				F15AA6782A9E545D008F6999 /* LocationDetail.swift in Sources */,
				F12519A12A9F4B0A0056BC88 /* EpisodeDetail.swift in Sources */,
				F15AA6722A9E3D70008F6999 /* CharactersVM.swift in Sources */,
				F1B2A6D62A94A74400FCEDB6 /* EpisodesScreen.swift in Sources */,
				F15AA6702A9E3BBB008F6999 /* RandomAccessColletion+Last.swift in Sources */,
				F15AA6762A9E45F7008F6999 /* EpisodesVM.swift in Sources */,
				F1B2A6D22A94A70C00FCEDB6 /* CharactersScreen.swift in Sources */,
			);
			runOnlyForDeploymentPostprocessing = 0;
		};
/* End PBXSourcesBuildPhase section */

/* Begin XCBuildConfiguration section */
		F121AC852A93BA1E005621DF /* Debug */ = {
			isa = XCBuildConfiguration;
			buildSettings = {
				ALWAYS_SEARCH_USER_PATHS = NO;
				CLANG_ANALYZER_NONNULL = YES;
				CLANG_ANALYZER_NUMBER_OBJECT_CONVERSION = YES_AGGRESSIVE;
				CLANG_CXX_LANGUAGE_STANDARD = "gnu++20";
				CLANG_ENABLE_MODULES = YES;
				CLANG_ENABLE_OBJC_ARC = YES;
				CLANG_ENABLE_OBJC_WEAK = YES;
				CLANG_WARN_BLOCK_CAPTURE_AUTORELEASING = YES;
				CLANG_WARN_BOOL_CONVERSION = YES;
				CLANG_WARN_COMMA = YES;
				CLANG_WARN_CONSTANT_CONVERSION = YES;
				CLANG_WARN_DEPRECATED_OBJC_IMPLEMENTATIONS = YES;
				CLANG_WARN_DIRECT_OBJC_ISA_USAGE = YES_ERROR;
				CLANG_WARN_DOCUMENTATION_COMMENTS = YES;
				CLANG_WARN_EMPTY_BODY = YES;
				CLANG_WARN_ENUM_CONVERSION = YES;
				CLANG_WARN_INFINITE_RECURSION = YES;
				CLANG_WARN_INT_CONVERSION = YES;
				CLANG_WARN_NON_LITERAL_NULL_CONVERSION = YES;
				CLANG_WARN_OBJC_IMPLICIT_RETAIN_SELF = YES;
				CLANG_WARN_OBJC_LITERAL_CONVERSION = YES;
				CLANG_WARN_OBJC_ROOT_CLASS = YES_ERROR;
				CLANG_WARN_QUOTED_INCLUDE_IN_FRAMEWORK_HEADER = YES;
				CLANG_WARN_RANGE_LOOP_ANALYSIS = YES;
				CLANG_WARN_STRICT_PROTOTYPES = YES;
				CLANG_WARN_SUSPICIOUS_MOVE = YES;
				CLANG_WARN_UNGUARDED_AVAILABILITY = YES_AGGRESSIVE;
				CLANG_WARN_UNREACHABLE_CODE = YES;
				CLANG_WARN__DUPLICATE_METHOD_MATCH = YES;
				COPY_PHASE_STRIP = NO;
				DEBUG_INFORMATION_FORMAT = dwarf;
				ENABLE_STRICT_OBJC_MSGSEND = YES;
				ENABLE_TESTABILITY = YES;
				ENABLE_USER_SCRIPT_SANDBOXING = YES;
				GCC_C_LANGUAGE_STANDARD = gnu11;
				GCC_DYNAMIC_NO_PIC = NO;
				GCC_NO_COMMON_BLOCKS = YES;
				GCC_OPTIMIZATION_LEVEL = 0;
				GCC_PREPROCESSOR_DEFINITIONS = (
					"DEBUG=1",
					"$(inherited)",
				);
				GCC_WARN_64_TO_32_BIT_CONVERSION = YES;
				GCC_WARN_ABOUT_RETURN_TYPE = YES_ERROR;
				GCC_WARN_UNDECLARED_SELECTOR = YES;
				GCC_WARN_UNINITIALIZED_AUTOS = YES_AGGRESSIVE;
				GCC_WARN_UNUSED_FUNCTION = YES;
				GCC_WARN_UNUSED_VARIABLE = YES;
				IPHONEOS_DEPLOYMENT_TARGET = 16.6;
				MTL_ENABLE_DEBUG_INFO = INCLUDE_SOURCE;
				MTL_FAST_MATH = YES;
				ONLY_ACTIVE_ARCH = YES;
				SDKROOT = iphoneos;
				SWIFT_ACTIVE_COMPILATION_CONDITIONS = DEBUG;
				SWIFT_OPTIMIZATION_LEVEL = "-Onone";
			};
			name = Debug;
		};
		F121AC862A93BA1E005621DF /* Release */ = {
			isa = XCBuildConfiguration;
			buildSettings = {
				ALWAYS_SEARCH_USER_PATHS = NO;
				CLANG_ANALYZER_NONNULL = YES;
				CLANG_ANALYZER_NUMBER_OBJECT_CONVERSION = YES_AGGRESSIVE;
				CLANG_CXX_LANGUAGE_STANDARD = "gnu++20";
				CLANG_ENABLE_MODULES = YES;
				CLANG_ENABLE_OBJC_ARC = YES;
				CLANG_ENABLE_OBJC_WEAK = YES;
				CLANG_WARN_BLOCK_CAPTURE_AUTORELEASING = YES;
				CLANG_WARN_BOOL_CONVERSION = YES;
				CLANG_WARN_COMMA = YES;
				CLANG_WARN_CONSTANT_CONVERSION = YES;
				CLANG_WARN_DEPRECATED_OBJC_IMPLEMENTATIONS = YES;
				CLANG_WARN_DIRECT_OBJC_ISA_USAGE = YES_ERROR;
				CLANG_WARN_DOCUMENTATION_COMMENTS = YES;
				CLANG_WARN_EMPTY_BODY = YES;
				CLANG_WARN_ENUM_CONVERSION = YES;
				CLANG_WARN_INFINITE_RECURSION = YES;
				CLANG_WARN_INT_CONVERSION = YES;
				CLANG_WARN_NON_LITERAL_NULL_CONVERSION = YES;
				CLANG_WARN_OBJC_IMPLICIT_RETAIN_SELF = YES;
				CLANG_WARN_OBJC_LITERAL_CONVERSION = YES;
				CLANG_WARN_OBJC_ROOT_CLASS = YES_ERROR;
				CLANG_WARN_QUOTED_INCLUDE_IN_FRAMEWORK_HEADER = YES;
				CLANG_WARN_RANGE_LOOP_ANALYSIS = YES;
				CLANG_WARN_STRICT_PROTOTYPES = YES;
				CLANG_WARN_SUSPICIOUS_MOVE = YES;
				CLANG_WARN_UNGUARDED_AVAILABILITY = YES_AGGRESSIVE;
				CLANG_WARN_UNREACHABLE_CODE = YES;
				CLANG_WARN__DUPLICATE_METHOD_MATCH = YES;
				COPY_PHASE_STRIP = NO;
				DEBUG_INFORMATION_FORMAT = "dwarf-with-dsym";
				ENABLE_NS_ASSERTIONS = NO;
				ENABLE_STRICT_OBJC_MSGSEND = YES;
				ENABLE_USER_SCRIPT_SANDBOXING = YES;
				GCC_C_LANGUAGE_STANDARD = gnu11;
				GCC_NO_COMMON_BLOCKS = YES;
				GCC_WARN_64_TO_32_BIT_CONVERSION = YES;
				GCC_WARN_ABOUT_RETURN_TYPE = YES_ERROR;
				GCC_WARN_UNDECLARED_SELECTOR = YES;
				GCC_WARN_UNINITIALIZED_AUTOS = YES_AGGRESSIVE;
				GCC_WARN_UNUSED_FUNCTION = YES;
				GCC_WARN_UNUSED_VARIABLE = YES;
				IPHONEOS_DEPLOYMENT_TARGET = 16.6;
				MTL_ENABLE_DEBUG_INFO = NO;
				MTL_FAST_MATH = YES;
				SDKROOT = iphoneos;
				SWIFT_COMPILATION_MODE = wholemodule;
				SWIFT_OPTIMIZATION_LEVEL = "-O";
				VALIDATE_PRODUCT = YES;
			};
			name = Release;
		};
		F121AC882A93BA1E005621DF /* Debug */ = {
			isa = XCBuildConfiguration;
			buildSettings = {
				ASSETCATALOG_COMPILER_APPICON_NAME = AppIcon;
				ASSETCATALOG_COMPILER_GLOBAL_ACCENT_COLOR_NAME = AccentColor;
				CODE_SIGN_STYLE = Automatic;
				CURRENT_PROJECT_VERSION = 1;
				DEVELOPMENT_ASSET_PATHS = "\"Homework2/Preview Content\"";
				DEVELOPMENT_TEAM = C53A58UGVG;
				ENABLE_PREVIEWS = YES;
				GENERATE_INFOPLIST_FILE = YES;
				INFOPLIST_FILE = "";
				INFOPLIST_KEY_CFBundleDisplayName = "Rick and Morty";
				INFOPLIST_KEY_UIApplicationSceneManifest_Generation = YES;
				INFOPLIST_KEY_UIApplicationSupportsIndirectInputEvents = YES;
				INFOPLIST_KEY_UILaunchStoryboardName = LaunchScreen.storyboard;
				INFOPLIST_KEY_UIStatusBarHidden = NO;
				INFOPLIST_KEY_UIStatusBarStyle = "";
				INFOPLIST_KEY_UISupportedInterfaceOrientations = UIInterfaceOrientationPortrait;
				INFOPLIST_KEY_UISupportedInterfaceOrientations_iPad = "UIInterfaceOrientationLandscapeLeft UIInterfaceOrientationLandscapeRight UIInterfaceOrientationPortrait UIInterfaceOrientationPortraitUpsideDown";
				IPHONEOS_DEPLOYMENT_TARGET = 16.6;
				LD_RUNPATH_SEARCH_PATHS = (
					"$(inherited)",
					"@executable_path/Frameworks",
				);
				MARKETING_VERSION = 1.0;
				PRODUCT_BUNDLE_IDENTIFIER = rg.Homework2;
				PRODUCT_MODULE_NAME = "$(PRODUCT_NAME:c99extidentifier)";
				PRODUCT_NAME = "$(TARGET_NAME)";
				SUPPORTED_PLATFORMS = "iphoneos iphonesimulator";
				SUPPORTS_MACCATALYST = NO;
				SUPPORTS_MAC_DESIGNED_FOR_IPHONE_IPAD = NO;
				SWIFT_EMIT_LOC_STRINGS = YES;
				SWIFT_VERSION = 5.0;
				TARGETED_DEVICE_FAMILY = 1;
			};
			name = Debug;
		};
		F121AC892A93BA1E005621DF /* Release */ = {
			isa = XCBuildConfiguration;
			buildSettings = {
				ASSETCATALOG_COMPILER_APPICON_NAME = AppIcon;
				ASSETCATALOG_COMPILER_GLOBAL_ACCENT_COLOR_NAME = AccentColor;
				CODE_SIGN_STYLE = Automatic;
				CURRENT_PROJECT_VERSION = 1;
				DEVELOPMENT_ASSET_PATHS = "\"Homework2/Preview Content\"";
				DEVELOPMENT_TEAM = C53A58UGVG;
				ENABLE_PREVIEWS = YES;
				GENERATE_INFOPLIST_FILE = YES;
				INFOPLIST_FILE = "";
				INFOPLIST_KEY_CFBundleDisplayName = "Rick and Morty";
				INFOPLIST_KEY_UIApplicationSceneManifest_Generation = YES;
				INFOPLIST_KEY_UIApplicationSupportsIndirectInputEvents = YES;
				INFOPLIST_KEY_UILaunchStoryboardName = LaunchScreen.storyboard;
				INFOPLIST_KEY_UIStatusBarHidden = NO;
				INFOPLIST_KEY_UIStatusBarStyle = "";
				INFOPLIST_KEY_UISupportedInterfaceOrientations = UIInterfaceOrientationPortrait;
				INFOPLIST_KEY_UISupportedInterfaceOrientations_iPad = "UIInterfaceOrientationLandscapeLeft UIInterfaceOrientationLandscapeRight UIInterfaceOrientationPortrait UIInterfaceOrientationPortraitUpsideDown";
				IPHONEOS_DEPLOYMENT_TARGET = 16.6;
				LD_RUNPATH_SEARCH_PATHS = (
					"$(inherited)",
					"@executable_path/Frameworks",
				);
				MARKETING_VERSION = 1.0;
				PRODUCT_BUNDLE_IDENTIFIER = rg.Homework2;
				PRODUCT_MODULE_NAME = "$(PRODUCT_NAME:c99extidentifier)";
				PRODUCT_NAME = "$(TARGET_NAME)";
				SUPPORTED_PLATFORMS = "iphoneos iphonesimulator";
				SUPPORTS_MACCATALYST = NO;
				SUPPORTS_MAC_DESIGNED_FOR_IPHONE_IPAD = NO;
				SWIFT_EMIT_LOC_STRINGS = YES;
				SWIFT_VERSION = 5.0;
				TARGETED_DEVICE_FAMILY = 1;
			};
			name = Release;
		};
/* End XCBuildConfiguration section */

/* Begin XCConfigurationList section */
		F121AC742A93BA1D005621DF /* Build configuration list for PBXProject "Homework2" */ = {
			isa = XCConfigurationList;
			buildConfigurations = (
				F121AC852A93BA1E005621DF /* Debug */,
				F121AC862A93BA1E005621DF /* Release */,
			);
			defaultConfigurationIsVisible = 0;
			defaultConfigurationName = Release;
		};
		F121AC872A93BA1E005621DF /* Build configuration list for PBXNativeTarget "Homework2" */ = {
			isa = XCConfigurationList;
			buildConfigurations = (
				F121AC882A93BA1E005621DF /* Debug */,
				F121AC892A93BA1E005621DF /* Release */,
			);
			defaultConfigurationIsVisible = 0;
			defaultConfigurationName = Release;
		};
/* End XCConfigurationList section */

/* Begin XCLocalSwiftPackageReference section */
		F18B46B12AC585FC004F713D /* XCLocalSwiftPackageReference "Modules/NavStack" */ = {
			isa = XCLocalSwiftPackageReference;
			relativePath = Modules/NavStack;
		};
/* End XCLocalSwiftPackageReference section */

/* Begin XCSwiftPackageProductDependency section */
		F15AA66C2A9E357A008F6999 /* RickAndMortyApiNetworking */ = {
			isa = XCSwiftPackageProductDependency;
			productName = RickAndMortyApiNetworking;
		};
		F18B46B22AC585FC004F713D /* NavStack */ = {
			isa = XCSwiftPackageProductDependency;
			productName = NavStack;
		};
/* End XCSwiftPackageProductDependency section */
	};
	rootObject = F121AC712A93BA1D005621DF /* Project object */;
}
